
Microsoft Visual Studio Solution File, Format Version 12.00
# Visual Studio Version 16
VisualStudioVersion = 16.0.31410.357
MinimumVisualStudioVersion = 10.0.40219.1
Project("{FAE04EC0-301F-11D3-BF4B-00C04F79EFBC}") = "MineSweeper", "MineSweeper\MineSweeper.csproj", "{FF058652-2A65-4516-B94C-CA027641FA47}"
EndProject
Global
	GlobalSection(SolutionConfigurationPlatforms) = preSolution
		Debug|Any CPU = Debug|Any CPU
		Release|Any CPU = Release|Any CPU
	EndGlobalSection
	GlobalSection(ProjectConfigurationPlatforms) = postSolution
		{FF058652-2A65-4516-B94C-CA027641FA47}.Debug|Any CPU.ActiveCfg = Debug|Any CPU
		{FF058652-2A65-4516-B94C-CA027641FA47}.Debug|Any CPU.Build.0 = Debug|Any CPU
		{FF058652-2A65-4516-B94C-CA027641FA47}.Release|Any CPU.ActiveCfg = Release|Any CPU
		{FF058652-2A65-4516-B94C-CA027641FA47}.Release|Any CPU.Build.0 = Release|Any CPU
	EndGlobalSection
	GlobalSection(SolutionProperties) = preSolution
		HideSolutionNode = FALSE
	EndGlobalSection
	GlobalSection(ExtensibilityGlobals) = postSolution
		SolutionGuid = {2D2D3DEA-B59F-45EC-9615-919AD9B5348F}
	EndGlobalSection
EndGlobal
